// !$*UTF8*$!
{
	archiveVersion = 1;
	classes = {
	};
	objectVersion = 56;
	objects = {

/* Begin PBXBuildFile section */
		3A3D7B5A29E0697000C04880 /* TodoModel.xcdatamodeld in Sources */ = {isa = PBXBuildFile; fileRef = 3A3D7B5829E0697000C04880 /* TodoModel.xcdatamodeld */; };
		3A3D7B5C29E06A4400C04880 /* DataCoreManager.swift in Sources */ = {isa = PBXBuildFile; fileRef = 3A3D7B5B29E06A4400C04880 /* DataCoreManager.swift */; };
		3A3D7B6229E0741900C04880 /* EmptyView.swift in Sources */ = {isa = PBXBuildFile; fileRef = 3A3D7B6129E0741900C04880 /* EmptyView.swift */; };
		3A3D7B6429E07B8200C04880 /* AddCategoryView.swift in Sources */ = {isa = PBXBuildFile; fileRef = 3A3D7B6329E07B8200C04880 /* AddCategoryView.swift */; };
		3A3D7B6829E082D500C04880 /* CategoryViewModel.swift in Sources */ = {isa = PBXBuildFile; fileRef = 3A3D7B6729E082D500C04880 /* CategoryViewModel.swift */; };
		3A3D7B6B29E08B2400C04880 /* XUtils.swift in Sources */ = {isa = PBXBuildFile; fileRef = 3A3D7B6A29E08B2400C04880 /* XUtils.swift */; };
		3A3D7B6D29E0909700C04880 /* EnumUtils.swift in Sources */ = {isa = PBXBuildFile; fileRef = 3A3D7B6C29E0909700C04880 /* EnumUtils.swift */; };
		3A3D7B7129E09D4E00C04880 /* TodoView.swift in Sources */ = {isa = PBXBuildFile; fileRef = 3A3D7B7029E09D4E00C04880 /* TodoView.swift */; };
		3A3D7B7329E0A03A00C04880 /* AddTodoView.swift in Sources */ = {isa = PBXBuildFile; fileRef = 3A3D7B7229E0A03A00C04880 /* AddTodoView.swift */; };
		3A3D7B7529E0A04800C04880 /* TodoViewModel.swift in Sources */ = {isa = PBXBuildFile; fileRef = 3A3D7B7429E0A04800C04880 /* TodoViewModel.swift */; };
		3A3D7B7729E0CDD600C04880 /* NotifUtils.swift in Sources */ = {isa = PBXBuildFile; fileRef = 3A3D7B7629E0CDD600C04880 /* NotifUtils.swift */; };
		3A94D58D29E052EC00A64C96 /* STA_Mobile_academy_iOSApp.swift in Sources */ = {isa = PBXBuildFile; fileRef = 3A94D58C29E052EC00A64C96 /* STA_Mobile_academy_iOSApp.swift */; };
		3A94D58F29E052EC00A64C96 /* ContentView.swift in Sources */ = {isa = PBXBuildFile; fileRef = 3A94D58E29E052EC00A64C96 /* ContentView.swift */; };
		3A94D59129E052EE00A64C96 /* Assets.xcassets in Resources */ = {isa = PBXBuildFile; fileRef = 3A94D59029E052EE00A64C96 /* Assets.xcassets */; };
		3A94D59429E052EE00A64C96 /* Preview Assets.xcassets in Resources */ = {isa = PBXBuildFile; fileRef = 3A94D59329E052EE00A64C96 /* Preview Assets.xcassets */; };
/* End PBXBuildFile section */

/* Begin PBXFileReference section */
		3A3D7B5929E0697000C04880 /* TodoModel.xcdatamodel */ = {isa = PBXFileReference; lastKnownFileType = wrapper.xcdatamodel; path = TodoModel.xcdatamodel; sourceTree = "<group>"; };
		3A3D7B5B29E06A4400C04880 /* DataCoreManager.swift */ = {isa = PBXFileReference; lastKnownFileType = sourcecode.swift; path = DataCoreManager.swift; sourceTree = "<group>"; };
		3A3D7B6129E0741900C04880 /* EmptyView.swift */ = {isa = PBXFileReference; lastKnownFileType = sourcecode.swift; path = EmptyView.swift; sourceTree = "<group>"; };
		3A3D7B6329E07B8200C04880 /* AddCategoryView.swift */ = {isa = PBXFileReference; lastKnownFileType = sourcecode.swift; path = AddCategoryView.swift; sourceTree = "<group>"; };
		3A3D7B6729E082D500C04880 /* CategoryViewModel.swift */ = {isa = PBXFileReference; lastKnownFileType = sourcecode.swift; path = CategoryViewModel.swift; sourceTree = "<group>"; };
		3A3D7B6A29E08B2400C04880 /* XUtils.swift */ = {isa = PBXFileReference; lastKnownFileType = sourcecode.swift; path = XUtils.swift; sourceTree = "<group>"; };
		3A3D7B6C29E0909700C04880 /* EnumUtils.swift */ = {isa = PBXFileReference; lastKnownFileType = sourcecode.swift; path = EnumUtils.swift; sourceTree = "<group>"; };
		3A3D7B7029E09D4E00C04880 /* TodoView.swift */ = {isa = PBXFileReference; lastKnownFileType = sourcecode.swift; path = TodoView.swift; sourceTree = "<group>"; };
		3A3D7B7229E0A03A00C04880 /* AddTodoView.swift */ = {isa = PBXFileReference; lastKnownFileType = sourcecode.swift; path = AddTodoView.swift; sourceTree = "<group>"; };
		3A3D7B7429E0A04800C04880 /* TodoViewModel.swift */ = {isa = PBXFileReference; lastKnownFileType = sourcecode.swift; path = TodoViewModel.swift; sourceTree = "<group>"; };
		3A3D7B7629E0CDD600C04880 /* NotifUtils.swift */ = {isa = PBXFileReference; lastKnownFileType = sourcecode.swift; path = NotifUtils.swift; sourceTree = "<group>"; };
		3A94D58929E052EC00A64C96 /* STA_Mobile academy-iOS.app */ = {isa = PBXFileReference; explicitFileType = wrapper.application; includeInIndex = 0; path = "STA_Mobile academy-iOS.app"; sourceTree = BUILT_PRODUCTS_DIR; };
		3A94D58C29E052EC00A64C96 /* STA_Mobile_academy_iOSApp.swift */ = {isa = PBXFileReference; lastKnownFileType = sourcecode.swift; path = STA_Mobile_academy_iOSApp.swift; sourceTree = "<group>"; };
		3A94D58E29E052EC00A64C96 /* ContentView.swift */ = {isa = PBXFileReference; lastKnownFileType = sourcecode.swift; path = ContentView.swift; sourceTree = "<group>"; };
		3A94D59029E052EE00A64C96 /* Assets.xcassets */ = {isa = PBXFileReference; lastKnownFileType = folder.assetcatalog; path = Assets.xcassets; sourceTree = "<group>"; };
		3A94D59329E052EE00A64C96 /* Preview Assets.xcassets */ = {isa = PBXFileReference; lastKnownFileType = folder.assetcatalog; path = "Preview Assets.xcassets"; sourceTree = "<group>"; };
/* End PBXFileReference section */

/* Begin PBXFrameworksBuildPhase section */
		3A94D58629E052EC00A64C96 /* Frameworks */ = {
			isa = PBXFrameworksBuildPhase;
			buildActionMask = 2147483647;
			files = (
			);
			runOnlyForDeploymentPostprocessing = 0;
		};
/* End PBXFrameworksBuildPhase section */

/* Begin PBXGroup section */
		3A3D7B5629E0694600C04880 /* presentation */ = {
			isa = PBXGroup;
			children = (
				3A3D7B6029E0710C00C04880 /* viewmodel */,
				3A3D7B5F29E0710400C04880 /* view */,
				3A94D58C29E052EC00A64C96 /* STA_Mobile_academy_iOSApp.swift */,
			);
			path = presentation;
			sourceTree = "<group>";
		};
		3A3D7B5729E0695700C04880 /* data */ = {
			isa = PBXGroup;
			children = (
				3A3D7B5829E0697000C04880 /* TodoModel.xcdatamodeld */,
				3A3D7B5B29E06A4400C04880 /* DataCoreManager.swift */,
			);
			path = data;
			sourceTree = "<group>";
		};
		3A3D7B5F29E0710400C04880 /* view */ = {
			isa = PBXGroup;
			children = (
				3A3D7B6F29E09C5D00C04880 /* todo */,
				3A3D7B6E29E09C4F00C04880 /* category */,
				3A3D7B6129E0741900C04880 /* EmptyView.swift */,
			);
			path = view;
			sourceTree = "<group>";
		};
		3A3D7B6029E0710C00C04880 /* viewmodel */ = {
			isa = PBXGroup;
			children = (
				3A3D7B6729E082D500C04880 /* CategoryViewModel.swift */,
				3A3D7B7429E0A04800C04880 /* TodoViewModel.swift */,
			);
			path = viewmodel;
			sourceTree = "<group>";
		};
		3A3D7B6929E08B1800C04880 /* other */ = {
			isa = PBXGroup;
			children = (
				3A3D7B6A29E08B2400C04880 /* XUtils.swift */,
				3A3D7B6C29E0909700C04880 /* EnumUtils.swift */,
				3A3D7B7629E0CDD600C04880 /* NotifUtils.swift */,
			);
			path = other;
			sourceTree = "<group>";
		};
		3A3D7B6E29E09C4F00C04880 /* category */ = {
			isa = PBXGroup;
			children = (
				3A94D58E29E052EC00A64C96 /* ContentView.swift */,
				3A3D7B6329E07B8200C04880 /* AddCategoryView.swift */,
			);
			path = category;
			sourceTree = "<group>";
		};
		3A3D7B6F29E09C5D00C04880 /* todo */ = {
			isa = PBXGroup;
			children = (
				3A3D7B7029E09D4E00C04880 /* TodoView.swift */,
				3A3D7B7229E0A03A00C04880 /* AddTodoView.swift */,
			);
			path = todo;
			sourceTree = "<group>";
		};
		3A94D58029E052EC00A64C96 = {
			isa = PBXGroup;
			children = (
				3A94D58B29E052EC00A64C96 /* STA_Mobile academy-iOS */,
				3A94D58A29E052EC00A64C96 /* Products */,
			);
			sourceTree = "<group>";
		};
		3A94D58A29E052EC00A64C96 /* Products */ = {
			isa = PBXGroup;
			children = (
				3A94D58929E052EC00A64C96 /* STA_Mobile academy-iOS.app */,
			);
			name = Products;
			sourceTree = "<group>";
		};
		3A94D58B29E052EC00A64C96 /* STA_Mobile academy-iOS */ = {
			isa = PBXGroup;
			children = (
				3A3D7B6929E08B1800C04880 /* other */,
				3A3D7B5729E0695700C04880 /* data */,
				3A3D7B5629E0694600C04880 /* presentation */,
				3A94D59029E052EE00A64C96 /* Assets.xcassets */,
				3A94D59229E052EE00A64C96 /* Preview Content */,
			);
			path = "STA_Mobile academy-iOS";
			sourceTree = "<group>";
		};
		3A94D59229E052EE00A64C96 /* Preview Content */ = {
			isa = PBXGroup;
			children = (
				3A94D59329E052EE00A64C96 /* Preview Assets.xcassets */,
			);
			path = "Preview Content";
			sourceTree = "<group>";
		};
/* End PBXGroup section */

/* Begin PBXNativeTarget section */
		3A94D58829E052EC00A64C96 /* STA_Mobile academy-iOS */ = {
			isa = PBXNativeTarget;
			buildConfigurationList = 3A94D59729E052EE00A64C96 /* Build configuration list for PBXNativeTarget "STA_Mobile academy-iOS" */;
			buildPhases = (
				3A94D58529E052EC00A64C96 /* Sources */,
				3A94D58629E052EC00A64C96 /* Frameworks */,
				3A94D58729E052EC00A64C96 /* Resources */,
			);
			buildRules = (
			);
			dependencies = (
			);
			name = "STA_Mobile academy-iOS";
			productName = "STA_Mobile academy-iOS";
			productReference = 3A94D58929E052EC00A64C96 /* STA_Mobile academy-iOS.app */;
			productType = "com.apple.product-type.application";
		};
/* End PBXNativeTarget section */

/* Begin PBXProject section */
		3A94D58129E052EC00A64C96 /* Project object */ = {
			isa = PBXProject;
			attributes = {
				BuildIndependentTargetsInParallel = 1;
				LastSwiftUpdateCheck = 1420;
				LastUpgradeCheck = 1420;
				TargetAttributes = {
					3A94D58829E052EC00A64C96 = {
						CreatedOnToolsVersion = 14.2;
					};
				};
			};
			buildConfigurationList = 3A94D58429E052EC00A64C96 /* Build configuration list for PBXProject "STA_Mobile academy-iOS" */;
			compatibilityVersion = "Xcode 14.0";
			developmentRegion = en;
			hasScannedForEncodings = 0;
			knownRegions = (
				en,
				Base,
			);
			mainGroup = 3A94D58029E052EC00A64C96;
			productRefGroup = 3A94D58A29E052EC00A64C96 /* Products */;
			projectDirPath = "";
			projectRoot = "";
			targets = (
				3A94D58829E052EC00A64C96 /* STA_Mobile academy-iOS */,
			);
		};
/* End PBXProject section */

/* Begin PBXResourcesBuildPhase section */
		3A94D58729E052EC00A64C96 /* Resources */ = {
			isa = PBXResourcesBuildPhase;
			buildActionMask = 2147483647;
			files = (
				3A94D59429E052EE00A64C96 /* Preview Assets.xcassets in Resources */,
				3A94D59129E052EE00A64C96 /* Assets.xcassets in Resources */,
			);
			runOnlyForDeploymentPostprocessing = 0;
		};
/* End PBXResourcesBuildPhase section */

/* Begin PBXSourcesBuildPhase section */
		3A94D58529E052EC00A64C96 /* Sources */ = {
			isa = PBXSourcesBuildPhase;
			buildActionMask = 2147483647;
			files = (
				3A3D7B7529E0A04800C04880 /* TodoViewModel.swift in Sources */,
				3A3D7B6B29E08B2400C04880 /* XUtils.swift in Sources */,
				3A3D7B6829E082D500C04880 /* CategoryViewModel.swift in Sources */,
				3A3D7B7129E09D4E00C04880 /* TodoView.swift in Sources */,
				3A3D7B6429E07B8200C04880 /* AddCategoryView.swift in Sources */,
				3A94D58F29E052EC00A64C96 /* ContentView.swift in Sources */,
				3A3D7B6D29E0909700C04880 /* EnumUtils.swift in Sources */,
				3A3D7B7729E0CDD600C04880 /* NotifUtils.swift in Sources */,
				3A3D7B7329E0A03A00C04880 /* AddTodoView.swift in Sources */,
				3A3D7B6229E0741900C04880 /* EmptyView.swift in Sources */,
				3A3D7B5A29E0697000C04880 /* TodoModel.xcdatamodeld in Sources */,
				3A3D7B5C29E06A4400C04880 /* DataCoreManager.swift in Sources */,
				3A94D58D29E052EC00A64C96 /* STA_Mobile_academy_iOSApp.swift in Sources */,
			);
			runOnlyForDeploymentPostprocessing = 0;
		};
/* End PBXSourcesBuildPhase section */

/* Begin XCBuildConfiguration section */
		3A94D59529E052EE00A64C96 /* Debug */ = {
			isa = XCBuildConfiguration;
			buildSettings = {
				ALWAYS_SEARCH_USER_PATHS = NO;
				CLANG_ANALYZER_NONNULL = YES;
				CLANG_ANALYZER_NUMBER_OBJECT_CONVERSION = YES_AGGRESSIVE;
				CLANG_CXX_LANGUAGE_STANDARD = "gnu++20";
				CLANG_ENABLE_MODULES = YES;
				CLANG_ENABLE_OBJC_ARC = YES;
				CLANG_ENABLE_OBJC_WEAK = YES;
				CLANG_WARN_BLOCK_CAPTURE_AUTORELEASING = YES;
				CLANG_WARN_BOOL_CONVERSION = YES;
				CLANG_WARN_COMMA = YES;
				CLANG_WARN_CONSTANT_CONVERSION = YES;
				CLANG_WARN_DEPRECATED_OBJC_IMPLEMENTATIONS = YES;
				CLANG_WARN_DIRECT_OBJC_ISA_USAGE = YES_ERROR;
				CLANG_WARN_DOCUMENTATION_COMMENTS = YES;
				CLANG_WARN_EMPTY_BODY = YES;
				CLANG_WARN_ENUM_CONVERSION = YES;
				CLANG_WARN_INFINITE_RECURSION = YES;
				CLANG_WARN_INT_CONVERSION = YES;
				CLANG_WARN_NON_LITERAL_NULL_CONVERSION = YES;
				CLANG_WARN_OBJC_IMPLICIT_RETAIN_SELF = YES;
				CLANG_WARN_OBJC_LITERAL_CONVERSION = YES;
				CLANG_WARN_OBJC_ROOT_CLASS = YES_ERROR;
				CLANG_WARN_QUOTED_INCLUDE_IN_FRAMEWORK_HEADER = YES;
				CLANG_WARN_RANGE_LOOP_ANALYSIS = YES;
				CLANG_WARN_STRICT_PROTOTYPES = YES;
				CLANG_WARN_SUSPICIOUS_MOVE = YES;
				CLANG_WARN_UNGUARDED_AVAILABILITY = YES_AGGRESSIVE;
				CLANG_WARN_UNREACHABLE_CODE = YES;
				CLANG_WARN__DUPLICATE_METHOD_MATCH = YES;
				COPY_PHASE_STRIP = NO;
				DEBUG_INFORMATION_FORMAT = dwarf;
				ENABLE_STRICT_OBJC_MSGSEND = YES;
				ENABLE_TESTABILITY = YES;
				GCC_C_LANGUAGE_STANDARD = gnu11;
				GCC_DYNAMIC_NO_PIC = NO;
				GCC_NO_COMMON_BLOCKS = YES;
				GCC_OPTIMIZATION_LEVEL = 0;
				GCC_PREPROCESSOR_DEFINITIONS = (
					"DEBUG=1",
					"$(inherited)",
				);
				GCC_WARN_64_TO_32_BIT_CONVERSION = YES;
				GCC_WARN_ABOUT_RETURN_TYPE = YES_ERROR;
				GCC_WARN_UNDECLARED_SELECTOR = YES;
				GCC_WARN_UNINITIALIZED_AUTOS = YES_AGGRESSIVE;
				GCC_WARN_UNUSED_FUNCTION = YES;
				GCC_WARN_UNUSED_VARIABLE = YES;
				IPHONEOS_DEPLOYMENT_TARGET = 16.2;
				MTL_ENABLE_DEBUG_INFO = INCLUDE_SOURCE;
				MTL_FAST_MATH = YES;
				ONLY_ACTIVE_ARCH = YES;
				SDKROOT = iphoneos;
				SWIFT_ACTIVE_COMPILATION_CONDITIONS = DEBUG;
				SWIFT_OPTIMIZATION_LEVEL = "-Onone";
			};
			name = Debug;
		};
		3A94D59629E052EE00A64C96 /* Release */ = {
			isa = XCBuildConfiguration;
			buildSettings = {
				ALWAYS_SEARCH_USER_PATHS = NO;
				CLANG_ANALYZER_NONNULL = YES;
				CLANG_ANALYZER_NUMBER_OBJECT_CONVERSION = YES_AGGRESSIVE;
				CLANG_CXX_LANGUAGE_STANDARD = "gnu++20";
				CLANG_ENABLE_MODULES = YES;
				CLANG_ENABLE_OBJC_ARC = YES;
				CLANG_ENABLE_OBJC_WEAK = YES;
				CLANG_WARN_BLOCK_CAPTURE_AUTORELEASING = YES;
				CLANG_WARN_BOOL_CONVERSION = YES;
				CLANG_WARN_COMMA = YES;
				CLANG_WARN_CONSTANT_CONVERSION = YES;
				CLANG_WARN_DEPRECATED_OBJC_IMPLEMENTATIONS = YES;
				CLANG_WARN_DIRECT_OBJC_ISA_USAGE = YES_ERROR;
				CLANG_WARN_DOCUMENTATION_COMMENTS = YES;
				CLANG_WARN_EMPTY_BODY = YES;
				CLANG_WARN_ENUM_CONVERSION = YES;
				CLANG_WARN_INFINITE_RECURSION = YES;
				CLANG_WARN_INT_CONVERSION = YES;
				CLANG_WARN_NON_LITERAL_NULL_CONVERSION = YES;
				CLANG_WARN_OBJC_IMPLICIT_RETAIN_SELF = YES;
				CLANG_WARN_OBJC_LITERAL_CONVERSION = YES;
				CLANG_WARN_OBJC_ROOT_CLASS = YES_ERROR;
				CLANG_WARN_QUOTED_INCLUDE_IN_FRAMEWORK_HEADER = YES;
				CLANG_WARN_RANGE_LOOP_ANALYSIS = YES;
				CLANG_WARN_STRICT_PROTOTYPES = YES;
				CLANG_WARN_SUSPICIOUS_MOVE = YES;
				CLANG_WARN_UNGUARDED_AVAILABILITY = YES_AGGRESSIVE;
				CLANG_WARN_UNREACHABLE_CODE = YES;
				CLANG_WARN__DUPLICATE_METHOD_MATCH = YES;
				COPY_PHASE_STRIP = NO;
				DEBUG_INFORMATION_FORMAT = "dwarf-with-dsym";
				ENABLE_NS_ASSERTIONS = NO;
				ENABLE_STRICT_OBJC_MSGSEND = YES;
				GCC_C_LANGUAGE_STANDARD = gnu11;
				GCC_NO_COMMON_BLOCKS = YES;
				GCC_WARN_64_TO_32_BIT_CONVERSION = YES;
				GCC_WARN_ABOUT_RETURN_TYPE = YES_ERROR;
				GCC_WARN_UNDECLARED_SELECTOR = YES;
				GCC_WARN_UNINITIALIZED_AUTOS = YES_AGGRESSIVE;
				GCC_WARN_UNUSED_FUNCTION = YES;
				GCC_WARN_UNUSED_VARIABLE = YES;
				IPHONEOS_DEPLOYMENT_TARGET = 16.2;
				MTL_ENABLE_DEBUG_INFO = NO;
				MTL_FAST_MATH = YES;
				SDKROOT = iphoneos;
				SWIFT_COMPILATION_MODE = wholemodule;
				SWIFT_OPTIMIZATION_LEVEL = "-O";
				VALIDATE_PRODUCT = YES;
			};
			name = Release;
		};
		3A94D59829E052EE00A64C96 /* Debug */ = {
			isa = XCBuildConfiguration;
			buildSettings = {
				ASSETCATALOG_COMPILER_APPICON_NAME = AppIcon;
				ASSETCATALOG_COMPILER_GLOBAL_ACCENT_COLOR_NAME = AccentColor;
				CODE_SIGN_STYLE = Automatic;
				CURRENT_PROJECT_VERSION = 1;
				DEVELOPMENT_ASSET_PATHS = "\"STA_Mobile academy-iOS/Preview Content\"";
				ENABLE_PREVIEWS = YES;
				GENERATE_INFOPLIST_FILE = YES;
				INFOPLIST_KEY_UIApplicationSceneManifest_Generation = YES;
				INFOPLIST_KEY_UIApplicationSupportsIndirectInputEvents = YES;
				INFOPLIST_KEY_UILaunchScreen_Generation = YES;
				INFOPLIST_KEY_UISupportedInterfaceOrientations_iPad = "UIInterfaceOrientationPortrait UIInterfaceOrientationPortraitUpsideDown UIInterfaceOrientationLandscapeLeft UIInterfaceOrientationLandscapeRight";
				INFOPLIST_KEY_UISupportedInterfaceOrientations_iPhone = "UIInterfaceOrientationPortrait UIInterfaceOrientationLandscapeLeft UIInterfaceOrientationLandscapeRight";
				LD_RUNPATH_SEARCH_PATHS = (
					"$(inherited)",
					"@executable_path/Frameworks",
				);
				MARKETING_VERSION = 1.0;
				PRODUCT_BUNDLE_IDENTIFIER = "com.test.testApp.STA-Mobile-academy-iOS";
				PRODUCT_NAME = "$(TARGET_NAME)";
				SWIFT_EMIT_LOC_STRINGS = YES;
				SWIFT_VERSION = 5.0;
				TARGETED_DEVICE_FAMILY = "1,2";
			};
			name = Debug;
		};
		3A94D59929E052EE00A64C96 /* Release */ = {
			isa = XCBuildConfiguration;
			buildSettings = {
				ASSETCATALOG_COMPILER_APPICON_NAME = AppIcon;
				ASSETCATALOG_COMPILER_GLOBAL_ACCENT_COLOR_NAME = AccentColor;
				CODE_SIGN_STYLE = Automatic;
				CURRENT_PROJECT_VERSION = 1;
				DEVELOPMENT_ASSET_PATHS = "\"STA_Mobile academy-iOS/Preview Content\"";
				ENABLE_PREVIEWS = YES;
				GENERATE_INFOPLIST_FILE = YES;
				INFOPLIST_KEY_UIApplicationSceneManifest_Generation = YES;
				INFOPLIST_KEY_UIApplicationSupportsIndirectInputEvents = YES;
				INFOPLIST_KEY_UILaunchScreen_Generation = YES;
				INFOPLIST_KEY_UISupportedInterfaceOrientations_iPad = "UIInterfaceOrientationPortrait UIInterfaceOrientationPortraitUpsideDown UIInterfaceOrientationLandscapeLeft UIInterfaceOrientationLandscapeRight";
				INFOPLIST_KEY_UISupportedInterfaceOrientations_iPhone = "UIInterfaceOrientationPortrait UIInterfaceOrientationLandscapeLeft UIInterfaceOrientationLandscapeRight";
				LD_RUNPATH_SEARCH_PATHS = (
					"$(inherited)",
					"@executable_path/Frameworks",
				);
				MARKETING_VERSION = 1.0;
				PRODUCT_BUNDLE_IDENTIFIER = "com.test.testApp.STA-Mobile-academy-iOS";
				PRODUCT_NAME = "$(TARGET_NAME)";
				SWIFT_EMIT_LOC_STRINGS = YES;
				SWIFT_VERSION = 5.0;
				TARGETED_DEVICE_FAMILY = "1,2";
			};
			name = Release;
		};
/* End XCBuildConfiguration section */

/* Begin XCConfigurationList section */
		3A94D58429E052EC00A64C96 /* Build configuration list for PBXProject "STA_Mobile academy-iOS" */ = {
			isa = XCConfigurationList;
			buildConfigurations = (
				3A94D59529E052EE00A64C96 /* Debug */,
				3A94D59629E052EE00A64C96 /* Release */,
			);
			defaultConfigurationIsVisible = 0;
			defaultConfigurationName = Release;
		};
		3A94D59729E052EE00A64C96 /* Build configuration list for PBXNativeTarget "STA_Mobile academy-iOS" */ = {
			isa = XCConfigurationList;
			buildConfigurations = (
				3A94D59829E052EE00A64C96 /* Debug */,
				3A94D59929E052EE00A64C96 /* Release */,
			);
			defaultConfigurationIsVisible = 0;
			defaultConfigurationName = Release;
		};
/* End XCConfigurationList section */

/* Begin XCVersionGroup section */
		3A3D7B5829E0697000C04880 /* TodoModel.xcdatamodeld */ = {
			isa = XCVersionGroup;
			children = (
				3A3D7B5929E0697000C04880 /* TodoModel.xcdatamodel */,
			);
			currentVersion = 3A3D7B5929E0697000C04880 /* TodoModel.xcdatamodel */;
			path = TodoModel.xcdatamodeld;
			sourceTree = "<group>";
			versionGroupType = wrapper.xcdatamodel;
		};
/* End XCVersionGroup section */
	};
	rootObject = 3A94D58129E052EC00A64C96 /* Project object */;
}
